PODS:
  - Braintree (3.9.3):
    - Braintree/API (= 3.9.3)
    - Braintree/Coinbase (= 3.9.3)
    - Braintree/Drop-In (= 3.9.3)
    - Braintree/Payments (= 3.9.3)
    - Braintree/PayPal (= 3.9.3)
    - Braintree/UI (= 3.9.3)
    - Braintree/Venmo (= 3.9.3)
  - Braintree/API (3.9.3)
  - Braintree/Coinbase (3.9.3):
    - Braintree/API
  - Braintree/Drop-In (3.9.3):
    - Braintree/API
    - Braintree/Coinbase
    - Braintree/Payments
    - Braintree/PayPal
    - Braintree/UI
    - Braintree/Venmo
  - Braintree/Payments (3.9.3):
    - Braintree/API
    - Braintree/Coinbase
    - Braintree/PayPal
    - Braintree/Venmo
  - Braintree/PayPal (3.9.3):
    - Braintree/API
    - Braintree/UI
  - Braintree/UI (3.9.3):
    - Braintree/API
  - Braintree/Venmo (3.9.3):
    - Braintree/API

DEPENDENCIES:
  - Braintree (= 3.9.3)

SPEC CHECKSUMS:
  Braintree: 996027dcc8633569f2405bc57dca11f367050c60

COCOAPODS: 0.38.2
